
Microsoft Visual Studio Solution File, Format Version 12.00
# Visual Studio Version 17
VisualStudioVersion = 17.2.32519.379
MinimumVisualStudioVersion = 10.0.40219.1
Project("{9A19103F-16F7-4668-BE54-9A1E7A4F7556}") = "keypay-dotnet", "keypay-dotnet.csproj", "{B4C07539-64F1-43C9-B423-7532F26ADA64}"
EndProject
Global
	GlobalSection(SolutionConfigurationPlatforms) = preSolution
		Debug|Any CPU = Debug|Any CPU
		Release|Any CPU = Release|Any CPU
	EndGlobalSection
	GlobalSection(ProjectConfigurationPlatforms) = postSolution
		{B4C07539-64F1-43C9-B423-7532F26ADA64}.Debug|Any CPU.ActiveCfg = Debug|Any CPU
		{B4C07539-64F1-43C9-B423-7532F26ADA64}.Debug|Any CPU.Build.0 = Debug|Any CPU
		{B4C07539-64F1-43C9-B423-7532F26ADA64}.Release|Any CPU.ActiveCfg = Release|Any CPU
		{B4C07539-64F1-43C9-B423-7532F26ADA64}.Release|Any CPU.Build.0 = Release|Any CPU
	EndGlobalSection
	GlobalSection(SolutionProperties) = preSolution
		HideSolutionNode = FALSE
	EndGlobalSection
	GlobalSection(ExtensibilityGlobals) = postSolution
		SolutionGuid = {1FAB32A5-FBF2-4CEF-BB66-2A03077CB270}
	EndGlobalSection
EndGlobal
